// !$*UTF8*$!
{
	archiveVersion = 1;
	classes = {
	};
	objectVersion = 55;
	objects = {

/* Begin PBXBuildFile section */
		552C94262900195A00AAA4E0 /* TabBarInteractorTests.swift in Sources */ = {isa = PBXBuildFile; fileRef = 552C94252900195A00AAA4E0 /* TabBarInteractorTests.swift */; };
		552C9428290064C500AAA4E0 /* TabBarPresenterTests.swift in Sources */ = {isa = PBXBuildFile; fileRef = 552C9427290064C400AAA4E0 /* TabBarPresenterTests.swift */; };
		556D991428F9A1560048C73C /* StartCoordinator.swift in Sources */ = {isa = PBXBuildFile; fileRef = 556D991328F9A1560048C73C /* StartCoordinator.swift */; };
		556D992028F9D48F0048C73C /* LoginCoordinatorTests.swift in Sources */ = {isa = PBXBuildFile; fileRef = 556D991F28F9D48F0048C73C /* LoginCoordinatorTests.swift */; };
		556D992728F9D6350048C73C /* ViewControllerSpy.swift in Sources */ = {isa = PBXBuildFile; fileRef = 556D992628F9D6350048C73C /* ViewControllerSpy.swift */; };
		556D993028FA3D2F0048C73C /* LoginPresenterTests.swift in Sources */ = {isa = PBXBuildFile; fileRef = 556D992F28FA3D2F0048C73C /* LoginPresenterTests.swift */; };
		556D993628FACF1C0048C73C /* APIService.swift in Sources */ = {isa = PBXBuildFile; fileRef = 556D993528FACF1C0048C73C /* APIService.swift */; };
		556D993828FACF230048C73C /* APIProtocols.swift in Sources */ = {isa = PBXBuildFile; fileRef = 556D993728FACF230048C73C /* APIProtocols.swift */; };
		556D993D28FCAD880048C73C /* Location.swift in Sources */ = {isa = PBXBuildFile; fileRef = 556D993C28FCAD880048C73C /* Location.swift */; };
		556D993F28FCB48A0048C73C /* NetworkStub.swift in Sources */ = {isa = PBXBuildFile; fileRef = 556D993E28FCB48A0048C73C /* NetworkStub.swift */; };
		556D994228FCB7F00048C73C /* ApiError.swift in Sources */ = {isa = PBXBuildFile; fileRef = 556D994128FCB7F00048C73C /* ApiError.swift */; };
		556D994428FD69060048C73C /* ClientTests.swift in Sources */ = {isa = PBXBuildFile; fileRef = 556D994328FD69060048C73C /* ClientTests.swift */; };
		556D994E28FDE2280048C73C /* LoginInteractorTests.swift in Sources */ = {isa = PBXBuildFile; fileRef = 556D994D28FDE2280048C73C /* LoginInteractorTests.swift */; };
		55B9253428F62B8F003765B7 /* PostLocation.swift in Sources */ = {isa = PBXBuildFile; fileRef = 55B9253328F62B8F003765B7 /* PostLocation.swift */; };
		55B9253628F62EFB003765B7 /* UserLogin.swift in Sources */ = {isa = PBXBuildFile; fileRef = 55B9253528F62EFB003765B7 /* UserLogin.swift */; };
		55B9253928F633AA003765B7 /* SnapKit in Frameworks */ = {isa = PBXBuildFile; productRef = 55B9253828F633AA003765B7 /* SnapKit */; };
		55B9253D28F64F59003765B7 /* TableViewCell.swift in Sources */ = {isa = PBXBuildFile; fileRef = 55B9253C28F64F59003765B7 /* TableViewCell.swift */; };
		55B9254028F723BA003765B7 /* LoginInteractor.swift in Sources */ = {isa = PBXBuildFile; fileRef = 55B9253F28F723BA003765B7 /* LoginInteractor.swift */; };
		55B9254228F723C1003765B7 /* LoginPresenter.swift in Sources */ = {isa = PBXBuildFile; fileRef = 55B9254128F723C1003765B7 /* LoginPresenter.swift */; };
		55B9254428F723CB003765B7 /* LoginCoordinator.swift in Sources */ = {isa = PBXBuildFile; fileRef = 55B9254328F723CB003765B7 /* LoginCoordinator.swift */; };
		55B9254A28F7713D003765B7 /* AlertViewProtocol.swift in Sources */ = {isa = PBXBuildFile; fileRef = 55B9254928F7713D003765B7 /* AlertViewProtocol.swift */; };
		55B9254C28F771D2003765B7 /* LoadingViewProtocol.swift in Sources */ = {isa = PBXBuildFile; fileRef = 55B9254B28F771D2003765B7 /* LoadingViewProtocol.swift */; };
		55B9254E28F77BF5003765B7 /* LoginViewControllerFactory.swift in Sources */ = {isa = PBXBuildFile; fileRef = 55B9254D28F77BF5003765B7 /* LoginViewControllerFactory.swift */; };
		55FB593728F81F7300ADA6A4 /* LoadingView.swift in Sources */ = {isa = PBXBuildFile; fileRef = 55FB593628F81F7300ADA6A4 /* LoadingView.swift */; };
		55FB593D28F838AD00ADA6A4 /* TabBarControllerFactory.swift in Sources */ = {isa = PBXBuildFile; fileRef = 55FB593C28F838AD00ADA6A4 /* TabBarControllerFactory.swift */; };
		55FB593F28F8395E00ADA6A4 /* TabBarViewController.swift in Sources */ = {isa = PBXBuildFile; fileRef = 55FB593E28F8395E00ADA6A4 /* TabBarViewController.swift */; };
		55FB594128F843DF00ADA6A4 /* TabBarInteractor.swift in Sources */ = {isa = PBXBuildFile; fileRef = 55FB594028F843DF00ADA6A4 /* TabBarInteractor.swift */; };
		55FB594328F843F000ADA6A4 /* TabBarPresenter.swift in Sources */ = {isa = PBXBuildFile; fileRef = 55FB594228F843F000ADA6A4 /* TabBarPresenter.swift */; };
		55FB594528F843F800ADA6A4 /* TabBarCoordinator.swift in Sources */ = {isa = PBXBuildFile; fileRef = 55FB594428F843F800ADA6A4 /* TabBarCoordinator.swift */; };
		55FB594728F8515B00ADA6A4 /* AddLocationViewControllerFactory.swift in Sources */ = {isa = PBXBuildFile; fileRef = 55FB594628F8515B00ADA6A4 /* AddLocationViewControllerFactory.swift */; };
		55FB594A28F8518100ADA6A4 /* AddLocationInteractor.swift in Sources */ = {isa = PBXBuildFile; fileRef = 55FB594928F8518100ADA6A4 /* AddLocationInteractor.swift */; };
		55FB594C28F8518600ADA6A4 /* AddLocationPresenter.swift in Sources */ = {isa = PBXBuildFile; fileRef = 55FB594B28F8518600ADA6A4 /* AddLocationPresenter.swift */; };
		55FB594E28F8518B00ADA6A4 /* AddLocationCoordinator.swift in Sources */ = {isa = PBXBuildFile; fileRef = 55FB594D28F8518B00ADA6A4 /* AddLocationCoordinator.swift */; };
		55FB595028F878B500ADA6A4 /* PostLocationViewControllerFactory.swift in Sources */ = {isa = PBXBuildFile; fileRef = 55FB594F28F878B500ADA6A4 /* PostLocationViewControllerFactory.swift */; };
		55FB595528F88A0A00ADA6A4 /* PostLocationCoordinator.swift in Sources */ = {isa = PBXBuildFile; fileRef = 55FB595428F88A0A00ADA6A4 /* PostLocationCoordinator.swift */; };
		55FB595728F88B1700ADA6A4 /* PostLocationPresenter.swift in Sources */ = {isa = PBXBuildFile; fileRef = 55FB595628F88B1700ADA6A4 /* PostLocationPresenter.swift */; };
		55FB595928F88B1E00ADA6A4 /* PostLocationInteractor.swift in Sources */ = {isa = PBXBuildFile; fileRef = 55FB595828F88B1E00ADA6A4 /* PostLocationInteractor.swift */; };
		55FFD867275914D9003654AA /* AppDelegate.swift in Sources */ = {isa = PBXBuildFile; fileRef = 55FFD866275914D9003654AA /* AppDelegate.swift */; };
		55FFD869275914DA003654AA /* SceneDelegate.swift in Sources */ = {isa = PBXBuildFile; fileRef = 55FFD868275914DA003654AA /* SceneDelegate.swift */; };
		55FFD86B275914DA003654AA /* LoginViewController.swift in Sources */ = {isa = PBXBuildFile; fileRef = 55FFD86A275914DA003654AA /* LoginViewController.swift */; };
		55FFD870275914DB003654AA /* Assets.xcassets in Resources */ = {isa = PBXBuildFile; fileRef = 55FFD86F275914DB003654AA /* Assets.xcassets */; };
		55FFD873275914DB003654AA /* LaunchScreen.storyboard in Resources */ = {isa = PBXBuildFile; fileRef = 55FFD871275914DB003654AA /* LaunchScreen.storyboard */; };
		55FFD87D27591650003654AA /* User.swift in Sources */ = {isa = PBXBuildFile; fileRef = 55FFD87C27591650003654AA /* User.swift */; };
		55FFD87F2759166E003654AA /* LoginResponse.swift in Sources */ = {isa = PBXBuildFile; fileRef = 55FFD87E2759166E003654AA /* LoginResponse.swift */; };
		55FFD88F27593F9D003654AA /* MapViewController.swift in Sources */ = {isa = PBXBuildFile; fileRef = 55FFD88E27593F9D003654AA /* MapViewController.swift */; };
		55FFD89127593FAA003654AA /* TableViewController.swift in Sources */ = {isa = PBXBuildFile; fileRef = 55FFD89027593FAA003654AA /* TableViewController.swift */; };
		55FFD89427594274003654AA /* Student.swift in Sources */ = {isa = PBXBuildFile; fileRef = 55FFD89327594274003654AA /* Student.swift */; };
		55FFD896275942F6003654AA /* StudentResult.swift in Sources */ = {isa = PBXBuildFile; fileRef = 55FFD895275942F6003654AA /* StudentResult.swift */; };
		55FFD89B27595012003654AA /* UserInfo.swift in Sources */ = {isa = PBXBuildFile; fileRef = 55FFD89A27595012003654AA /* UserInfo.swift */; };
		55FFD89D275958EF003654AA /* AddLocationViewController.swift in Sources */ = {isa = PBXBuildFile; fileRef = 55FFD89C275958EF003654AA /* AddLocationViewController.swift */; };
		55FFD89F275977F4003654AA /* PostLocationViewController.swift in Sources */ = {isa = PBXBuildFile; fileRef = 55FFD89E275977F4003654AA /* PostLocationViewController.swift */; };
		55FFD8A227598544003654AA /* PostResponse.swift in Sources */ = {isa = PBXBuildFile; fileRef = 55FFD8A127598544003654AA /* PostResponse.swift */; };
/* End PBXBuildFile section */

/* Begin PBXContainerItemProxy section */
		556D992128F9D48F0048C73C /* PBXContainerItemProxy */ = {
			isa = PBXContainerItemProxy;
			containerPortal = 55FFD85B275914D9003654AA /* Project object */;
			proxyType = 1;
			remoteGlobalIDString = 55FFD862275914D9003654AA;
			remoteInfo = "On The Map";
		};
/* End PBXContainerItemProxy section */

/* Begin PBXFileReference section */
		552C94252900195A00AAA4E0 /* TabBarInteractorTests.swift */ = {isa = PBXFileReference; lastKnownFileType = sourcecode.swift; path = TabBarInteractorTests.swift; sourceTree = "<group>"; };
		552C9427290064C400AAA4E0 /* TabBarPresenterTests.swift */ = {isa = PBXFileReference; lastKnownFileType = sourcecode.swift; path = TabBarPresenterTests.swift; sourceTree = "<group>"; };
		556D991328F9A1560048C73C /* StartCoordinator.swift */ = {isa = PBXFileReference; lastKnownFileType = sourcecode.swift; path = StartCoordinator.swift; sourceTree = "<group>"; };
		556D991D28F9D48F0048C73C /* On The Map Tests.xctest */ = {isa = PBXFileReference; explicitFileType = wrapper.cfbundle; includeInIndex = 0; path = "On The Map Tests.xctest"; sourceTree = BUILT_PRODUCTS_DIR; };
		556D991F28F9D48F0048C73C /* LoginCoordinatorTests.swift */ = {isa = PBXFileReference; lastKnownFileType = sourcecode.swift; path = LoginCoordinatorTests.swift; sourceTree = "<group>"; };
		556D992628F9D6350048C73C /* ViewControllerSpy.swift */ = {isa = PBXFileReference; lastKnownFileType = sourcecode.swift; path = ViewControllerSpy.swift; sourceTree = "<group>"; };
		556D992F28FA3D2F0048C73C /* LoginPresenterTests.swift */ = {isa = PBXFileReference; lastKnownFileType = sourcecode.swift; path = LoginPresenterTests.swift; sourceTree = "<group>"; };
		556D993528FACF1C0048C73C /* APIService.swift */ = {isa = PBXFileReference; lastKnownFileType = sourcecode.swift; path = APIService.swift; sourceTree = "<group>"; };
		556D993728FACF230048C73C /* APIProtocols.swift */ = {isa = PBXFileReference; lastKnownFileType = sourcecode.swift; path = APIProtocols.swift; sourceTree = "<group>"; };
		556D993C28FCAD880048C73C /* Location.swift */ = {isa = PBXFileReference; lastKnownFileType = sourcecode.swift; path = Location.swift; sourceTree = "<group>"; };
		556D993E28FCB48A0048C73C /* NetworkStub.swift */ = {isa = PBXFileReference; lastKnownFileType = sourcecode.swift; path = NetworkStub.swift; sourceTree = "<group>"; };
		556D994128FCB7F00048C73C /* ApiError.swift */ = {isa = PBXFileReference; lastKnownFileType = sourcecode.swift; path = ApiError.swift; sourceTree = "<group>"; };
		556D994328FD69060048C73C /* ClientTests.swift */ = {isa = PBXFileReference; lastKnownFileType = sourcecode.swift; path = ClientTests.swift; sourceTree = "<group>"; };
		556D994D28FDE2280048C73C /* LoginInteractorTests.swift */ = {isa = PBXFileReference; lastKnownFileType = sourcecode.swift; path = LoginInteractorTests.swift; sourceTree = "<group>"; };
		55B9253328F62B8F003765B7 /* PostLocation.swift */ = {isa = PBXFileReference; lastKnownFileType = sourcecode.swift; path = PostLocation.swift; sourceTree = "<group>"; };
		55B9253528F62EFB003765B7 /* UserLogin.swift */ = {isa = PBXFileReference; lastKnownFileType = sourcecode.swift; path = UserLogin.swift; sourceTree = "<group>"; };
		55B9253C28F64F59003765B7 /* TableViewCell.swift */ = {isa = PBXFileReference; lastKnownFileType = sourcecode.swift; path = TableViewCell.swift; sourceTree = "<group>"; };
		55B9253F28F723BA003765B7 /* LoginInteractor.swift */ = {isa = PBXFileReference; lastKnownFileType = sourcecode.swift; path = LoginInteractor.swift; sourceTree = "<group>"; };
		55B9254128F723C1003765B7 /* LoginPresenter.swift */ = {isa = PBXFileReference; lastKnownFileType = sourcecode.swift; path = LoginPresenter.swift; sourceTree = "<group>"; };
		55B9254328F723CB003765B7 /* LoginCoordinator.swift */ = {isa = PBXFileReference; lastKnownFileType = sourcecode.swift; path = LoginCoordinator.swift; sourceTree = "<group>"; };
		55B9254928F7713D003765B7 /* AlertViewProtocol.swift */ = {isa = PBXFileReference; lastKnownFileType = sourcecode.swift; path = AlertViewProtocol.swift; sourceTree = "<group>"; };
		55B9254B28F771D2003765B7 /* LoadingViewProtocol.swift */ = {isa = PBXFileReference; lastKnownFileType = sourcecode.swift; path = LoadingViewProtocol.swift; sourceTree = "<group>"; };
		55B9254D28F77BF5003765B7 /* LoginViewControllerFactory.swift */ = {isa = PBXFileReference; lastKnownFileType = sourcecode.swift; path = LoginViewControllerFactory.swift; sourceTree = "<group>"; };
		55FB593628F81F7300ADA6A4 /* LoadingView.swift */ = {isa = PBXFileReference; lastKnownFileType = sourcecode.swift; path = LoadingView.swift; sourceTree = "<group>"; };
		55FB593C28F838AD00ADA6A4 /* TabBarControllerFactory.swift */ = {isa = PBXFileReference; lastKnownFileType = sourcecode.swift; path = TabBarControllerFactory.swift; sourceTree = "<group>"; };
		55FB593E28F8395E00ADA6A4 /* TabBarViewController.swift */ = {isa = PBXFileReference; lastKnownFileType = sourcecode.swift; path = TabBarViewController.swift; sourceTree = "<group>"; };
		55FB594028F843DF00ADA6A4 /* TabBarInteractor.swift */ = {isa = PBXFileReference; lastKnownFileType = sourcecode.swift; path = TabBarInteractor.swift; sourceTree = "<group>"; };
		55FB594228F843F000ADA6A4 /* TabBarPresenter.swift */ = {isa = PBXFileReference; lastKnownFileType = sourcecode.swift; path = TabBarPresenter.swift; sourceTree = "<group>"; };
		55FB594428F843F800ADA6A4 /* TabBarCoordinator.swift */ = {isa = PBXFileReference; lastKnownFileType = sourcecode.swift; path = TabBarCoordinator.swift; sourceTree = "<group>"; };
		55FB594628F8515B00ADA6A4 /* AddLocationViewControllerFactory.swift */ = {isa = PBXFileReference; lastKnownFileType = sourcecode.swift; path = AddLocationViewControllerFactory.swift; sourceTree = "<group>"; };
		55FB594928F8518100ADA6A4 /* AddLocationInteractor.swift */ = {isa = PBXFileReference; lastKnownFileType = sourcecode.swift; path = AddLocationInteractor.swift; sourceTree = "<group>"; };
		55FB594B28F8518600ADA6A4 /* AddLocationPresenter.swift */ = {isa = PBXFileReference; lastKnownFileType = sourcecode.swift; path = AddLocationPresenter.swift; sourceTree = "<group>"; };
		55FB594D28F8518B00ADA6A4 /* AddLocationCoordinator.swift */ = {isa = PBXFileReference; lastKnownFileType = sourcecode.swift; path = AddLocationCoordinator.swift; sourceTree = "<group>"; };
		55FB594F28F878B500ADA6A4 /* PostLocationViewControllerFactory.swift */ = {isa = PBXFileReference; lastKnownFileType = sourcecode.swift; path = PostLocationViewControllerFactory.swift; sourceTree = "<group>"; };
		55FB595428F88A0A00ADA6A4 /* PostLocationCoordinator.swift */ = {isa = PBXFileReference; lastKnownFileType = sourcecode.swift; path = PostLocationCoordinator.swift; sourceTree = "<group>"; };
		55FB595628F88B1700ADA6A4 /* PostLocationPresenter.swift */ = {isa = PBXFileReference; lastKnownFileType = sourcecode.swift; path = PostLocationPresenter.swift; sourceTree = "<group>"; };
		55FB595828F88B1E00ADA6A4 /* PostLocationInteractor.swift */ = {isa = PBXFileReference; lastKnownFileType = sourcecode.swift; path = PostLocationInteractor.swift; sourceTree = "<group>"; };
		55FFD863275914D9003654AA /* On The Map.app */ = {isa = PBXFileReference; explicitFileType = wrapper.application; includeInIndex = 0; path = "On The Map.app"; sourceTree = BUILT_PRODUCTS_DIR; };
		55FFD866275914D9003654AA /* AppDelegate.swift */ = {isa = PBXFileReference; lastKnownFileType = sourcecode.swift; path = AppDelegate.swift; sourceTree = "<group>"; };
		55FFD868275914DA003654AA /* SceneDelegate.swift */ = {isa = PBXFileReference; lastKnownFileType = sourcecode.swift; path = SceneDelegate.swift; sourceTree = "<group>"; };
		55FFD86A275914DA003654AA /* LoginViewController.swift */ = {isa = PBXFileReference; lastKnownFileType = sourcecode.swift; path = LoginViewController.swift; sourceTree = "<group>"; };
		55FFD86F275914DB003654AA /* Assets.xcassets */ = {isa = PBXFileReference; lastKnownFileType = folder.assetcatalog; path = Assets.xcassets; sourceTree = "<group>"; };
		55FFD872275914DB003654AA /* Base */ = {isa = PBXFileReference; lastKnownFileType = file.storyboard; name = Base; path = Base.lproj/LaunchScreen.storyboard; sourceTree = "<group>"; };
		55FFD874275914DB003654AA /* Info.plist */ = {isa = PBXFileReference; lastKnownFileType = text.plist.xml; path = Info.plist; sourceTree = "<group>"; };
		55FFD87C27591650003654AA /* User.swift */ = {isa = PBXFileReference; lastKnownFileType = sourcecode.swift; path = User.swift; sourceTree = "<group>"; };
		55FFD87E2759166E003654AA /* LoginResponse.swift */ = {isa = PBXFileReference; lastKnownFileType = sourcecode.swift; path = LoginResponse.swift; sourceTree = "<group>"; };
		55FFD88E27593F9D003654AA /* MapViewController.swift */ = {isa = PBXFileReference; lastKnownFileType = sourcecode.swift; path = MapViewController.swift; sourceTree = "<group>"; };
		55FFD89027593FAA003654AA /* TableViewController.swift */ = {isa = PBXFileReference; lastKnownFileType = sourcecode.swift; path = TableViewController.swift; sourceTree = "<group>"; };
		55FFD89327594274003654AA /* Student.swift */ = {isa = PBXFileReference; lastKnownFileType = sourcecode.swift; path = Student.swift; sourceTree = "<group>"; };
		55FFD895275942F6003654AA /* StudentResult.swift */ = {isa = PBXFileReference; lastKnownFileType = sourcecode.swift; path = StudentResult.swift; sourceTree = "<group>"; };
		55FFD89A27595012003654AA /* UserInfo.swift */ = {isa = PBXFileReference; lastKnownFileType = sourcecode.swift; path = UserInfo.swift; sourceTree = "<group>"; };
		55FFD89C275958EF003654AA /* AddLocationViewController.swift */ = {isa = PBXFileReference; lastKnownFileType = sourcecode.swift; path = AddLocationViewController.swift; sourceTree = "<group>"; };
		55FFD89E275977F4003654AA /* PostLocationViewController.swift */ = {isa = PBXFileReference; lastKnownFileType = sourcecode.swift; path = PostLocationViewController.swift; sourceTree = "<group>"; };
		55FFD8A127598544003654AA /* PostResponse.swift */ = {isa = PBXFileReference; lastKnownFileType = sourcecode.swift; path = PostResponse.swift; sourceTree = "<group>"; };
/* End PBXFileReference section */

/* Begin PBXFrameworksBuildPhase section */
		556D991A28F9D48F0048C73C /* Frameworks */ = {
			isa = PBXFrameworksBuildPhase;
			buildActionMask = 2147483647;
			files = (
			);
			runOnlyForDeploymentPostprocessing = 0;
		};
		55FFD860275914D9003654AA /* Frameworks */ = {
			isa = PBXFrameworksBuildPhase;
			buildActionMask = 2147483647;
			files = (
				55B9253928F633AA003765B7 /* SnapKit in Frameworks */,
			);
			runOnlyForDeploymentPostprocessing = 0;
		};
/* End PBXFrameworksBuildPhase section */

/* Begin PBXGroup section */
		552C94242900194000AAA4E0 /* TabBarTests */ = {
			isa = PBXGroup;
			children = (
				552C94252900195A00AAA4E0 /* TabBarInteractorTests.swift */,
				552C9427290064C400AAA4E0 /* TabBarPresenterTests.swift */,
			);
			path = TabBarTests;
			sourceTree = "<group>";
		};
		5534A7C928F9781B008D9B86 /* PostingLocation */ = {
			isa = PBXGroup;
			children = (
				55FB595128F878BA00ADA6A4 /* PostLocationScene */,
				55FB594828F8516200ADA6A4 /* AddLocationScene */,
			);
			path = PostingLocation;
			sourceTree = "<group>";
		};
		5534A7CA28F9782E008D9B86 /* Coordinator */ = {
			isa = PBXGroup;
			children = (
				556D991328F9A1560048C73C /* StartCoordinator.swift */,
			);
			path = Coordinator;
			sourceTree = "<group>";
		};
		556D991E28F9D48F0048C73C /* On The Map Tests */ = {
			isa = PBXGroup;
			children = (
				552C94242900194000AAA4E0 /* TabBarTests */,
				55AC2E6228FF575A00B4A332 /* NetworkTests */,
				556D993128FA3D340048C73C /* LoginTests */,
				556D993228FA3D420048C73C /* Common */,
			);
			path = "On The Map Tests";
			sourceTree = "<group>";
		};
		556D993128FA3D340048C73C /* LoginTests */ = {
			isa = PBXGroup;
			children = (
				556D991F28F9D48F0048C73C /* LoginCoordinatorTests.swift */,
				556D992F28FA3D2F0048C73C /* LoginPresenterTests.swift */,
				556D994D28FDE2280048C73C /* LoginInteractorTests.swift */,
			);
			path = LoginTests;
			sourceTree = "<group>";
		};
		556D993228FA3D420048C73C /* Common */ = {
			isa = PBXGroup;
			children = (
				556D992628F9D6350048C73C /* ViewControllerSpy.swift */,
			);
			path = Common;
			sourceTree = "<group>";
		};
		556D994028FCB7E50048C73C /* Error */ = {
			isa = PBXGroup;
			children = (
				556D994128FCB7F00048C73C /* ApiError.swift */,
			);
			path = Error;
			sourceTree = "<group>";
		};
		55AC2E6228FF575A00B4A332 /* NetworkTests */ = {
			isa = PBXGroup;
			children = (
				556D993E28FCB48A0048C73C /* NetworkStub.swift */,
				556D994328FD69060048C73C /* ClientTests.swift */,
			);
			path = NetworkTests;
			sourceTree = "<group>";
		};
		55B9253E28F723AB003765B7 /* LoginScene */ = {
			isa = PBXGroup;
			children = (
				55B9254D28F77BF5003765B7 /* LoginViewControllerFactory.swift */,
				55FFD86A275914DA003654AA /* LoginViewController.swift */,
				55B9253F28F723BA003765B7 /* LoginInteractor.swift */,
				55B9254128F723C1003765B7 /* LoginPresenter.swift */,
				55B9254328F723CB003765B7 /* LoginCoordinator.swift */,
			);
			path = LoginScene;
			sourceTree = "<group>";
		};
		55FB593828F8338A00ADA6A4 /* UI */ = {
			isa = PBXGroup;
			children = (
				55FB593A28F833A400ADA6A4 /* Alert */,
				55FB593928F8339E00ADA6A4 /* Loading */,
			);
			path = UI;
			sourceTree = "<group>";
		};
		55FB593928F8339E00ADA6A4 /* Loading */ = {
			isa = PBXGroup;
			children = (
				55B9254B28F771D2003765B7 /* LoadingViewProtocol.swift */,
				55FB593628F81F7300ADA6A4 /* LoadingView.swift */,
			);
			path = Loading;
			sourceTree = "<group>";
		};
		55FB593A28F833A400ADA6A4 /* Alert */ = {
			isa = PBXGroup;
			children = (
				55B9254928F7713D003765B7 /* AlertViewProtocol.swift */,
			);
			path = Alert;
			sourceTree = "<group>";
		};
		55FB593B28F8389800ADA6A4 /* TabBarScene */ = {
			isa = PBXGroup;
			children = (
				55FB595228F889E900ADA6A4 /* MapScene */,
				55FB595328F889F500ADA6A4 /* TableScene */,
				55FB593C28F838AD00ADA6A4 /* TabBarControllerFactory.swift */,
				55FB593E28F8395E00ADA6A4 /* TabBarViewController.swift */,
				55FB594028F843DF00ADA6A4 /* TabBarInteractor.swift */,
				55FB594228F843F000ADA6A4 /* TabBarPresenter.swift */,
				55FB594428F843F800ADA6A4 /* TabBarCoordinator.swift */,
			);
			path = TabBarScene;
			sourceTree = "<group>";
		};
		55FB594828F8516200ADA6A4 /* AddLocationScene */ = {
			isa = PBXGroup;
			children = (
				55FB594628F8515B00ADA6A4 /* AddLocationViewControllerFactory.swift */,
				55FFD89C275958EF003654AA /* AddLocationViewController.swift */,
				55FB594928F8518100ADA6A4 /* AddLocationInteractor.swift */,
				55FB594B28F8518600ADA6A4 /* AddLocationPresenter.swift */,
				55FB594D28F8518B00ADA6A4 /* AddLocationCoordinator.swift */,
			);
			path = AddLocationScene;
			sourceTree = "<group>";
		};
		55FB595128F878BA00ADA6A4 /* PostLocationScene */ = {
			isa = PBXGroup;
			children = (
				55FB594F28F878B500ADA6A4 /* PostLocationViewControllerFactory.swift */,
				55FFD89E275977F4003654AA /* PostLocationViewController.swift */,
				55FB595428F88A0A00ADA6A4 /* PostLocationCoordinator.swift */,
				55FB595628F88B1700ADA6A4 /* PostLocationPresenter.swift */,
				55FB595828F88B1E00ADA6A4 /* PostLocationInteractor.swift */,
			);
			path = PostLocationScene;
			sourceTree = "<group>";
		};
		55FB595228F889E900ADA6A4 /* MapScene */ = {
			isa = PBXGroup;
			children = (
				55FFD88E27593F9D003654AA /* MapViewController.swift */,
			);
			path = MapScene;
			sourceTree = "<group>";
		};
		55FB595328F889F500ADA6A4 /* TableScene */ = {
			isa = PBXGroup;
			children = (
				55FFD89027593FAA003654AA /* TableViewController.swift */,
				55B9253C28F64F59003765B7 /* TableViewCell.swift */,
			);
			path = TableScene;
			sourceTree = "<group>";
		};
		55FFD85A275914D9003654AA = {
			isa = PBXGroup;
			children = (
				55FFD865275914D9003654AA /* On The Map */,
				556D991E28F9D48F0048C73C /* On The Map Tests */,
				55FFD864275914D9003654AA /* Products */,
			);
			sourceTree = "<group>";
		};
		55FFD864275914D9003654AA /* Products */ = {
			isa = PBXGroup;
			children = (
				55FFD863275914D9003654AA /* On The Map.app */,
				556D991D28F9D48F0048C73C /* On The Map Tests.xctest */,
			);
			name = Products;
			sourceTree = "<group>";
		};
		55FFD865275914D9003654AA /* On The Map */ = {
			isa = PBXGroup;
			children = (
				55FFD866275914D9003654AA /* AppDelegate.swift */,
				55FFD868275914DA003654AA /* SceneDelegate.swift */,
				55FB593828F8338A00ADA6A4 /* UI */,
				55FFD87A275915F8003654AA /* Model */,
				55FFD882275916A9003654AA /* Client */,
				55FFD88D27593F8B003654AA /* Scenes */,
				55FFD86F275914DB003654AA /* Assets.xcassets */,
				55FFD871275914DB003654AA /* LaunchScreen.storyboard */,
				55FFD874275914DB003654AA /* Info.plist */,
			);
			path = "On The Map";
			sourceTree = "<group>";
		};
		55FFD87A275915F8003654AA /* Model */ = {
			isa = PBXGroup;
			children = (
				556D994028FCB7E50048C73C /* Error */,
				55FFD8A027598532003654AA /* Post */,
				55FFD89927595004003654AA /* User Info */,
				55FFD89227594265003654AA /* Students */,
				55FFD87B2759163F003654AA /* Login */,
			);
			path = Model;
			sourceTree = "<group>";
		};
		55FFD87B2759163F003654AA /* Login */ = {
			isa = PBXGroup;
			children = (
				55FFD87C27591650003654AA /* User.swift */,
				55FFD87E2759166E003654AA /* LoginResponse.swift */,
			);
			path = Login;
			sourceTree = "<group>";
		};
		55FFD882275916A9003654AA /* Client */ = {
			isa = PBXGroup;
			children = (
				556D993528FACF1C0048C73C /* APIService.swift */,
				556D993728FACF230048C73C /* APIProtocols.swift */,
			);
			path = Client;
			sourceTree = "<group>";
		};
		55FFD88D27593F8B003654AA /* Scenes */ = {
			isa = PBXGroup;
			children = (
				5534A7CA28F9782E008D9B86 /* Coordinator */,
				5534A7C928F9781B008D9B86 /* PostingLocation */,
				55FB593B28F8389800ADA6A4 /* TabBarScene */,
				55B9253E28F723AB003765B7 /* LoginScene */,
			);
			path = Scenes;
			sourceTree = "<group>";
		};
		55FFD89227594265003654AA /* Students */ = {
			isa = PBXGroup;
			children = (
				55FFD89327594274003654AA /* Student.swift */,
				55FFD895275942F6003654AA /* StudentResult.swift */,
			);
			path = Students;
			sourceTree = "<group>";
		};
		55FFD89927595004003654AA /* User Info */ = {
			isa = PBXGroup;
			children = (
				55FFD89A27595012003654AA /* UserInfo.swift */,
				55B9253528F62EFB003765B7 /* UserLogin.swift */,
			);
			path = "User Info";
			sourceTree = "<group>";
		};
		55FFD8A027598532003654AA /* Post */ = {
			isa = PBXGroup;
			children = (
				55FFD8A127598544003654AA /* PostResponse.swift */,
				556D993C28FCAD880048C73C /* Location.swift */,
				55B9253328F62B8F003765B7 /* PostLocation.swift */,
			);
			path = Post;
			sourceTree = "<group>";
		};
/* End PBXGroup section */

/* Begin PBXNativeTarget section */
		556D991C28F9D48F0048C73C /* On The Map Tests */ = {
			isa = PBXNativeTarget;
			buildConfigurationList = 556D992528F9D48F0048C73C /* Build configuration list for PBXNativeTarget "On The Map Tests" */;
			buildPhases = (
				556D991928F9D48F0048C73C /* Sources */,
				556D991A28F9D48F0048C73C /* Frameworks */,
				556D991B28F9D48F0048C73C /* Resources */,
			);
			buildRules = (
			);
			dependencies = (
				556D992228F9D48F0048C73C /* PBXTargetDependency */,
			);
			name = "On The Map Tests";
			productName = "On The Map Tests";
			productReference = 556D991D28F9D48F0048C73C /* On The Map Tests.xctest */;
			productType = "com.apple.product-type.bundle.unit-test";
		};
		55FFD862275914D9003654AA /* On The Map */ = {
			isa = PBXNativeTarget;
			buildConfigurationList = 55FFD877275914DC003654AA /* Build configuration list for PBXNativeTarget "On The Map" */;
			buildPhases = (
				55FFD85F275914D9003654AA /* Sources */,
				55FFD860275914D9003654AA /* Frameworks */,
				55FFD861275914D9003654AA /* Resources */,
			);
			buildRules = (
			);
			dependencies = (
			);
			name = "On The Map";
			packageProductDependencies = (
				55B9253828F633AA003765B7 /* SnapKit */,
			);
			productName = "On The Map";
			productReference = 55FFD863275914D9003654AA /* On The Map.app */;
			productType = "com.apple.product-type.application";
		};
/* End PBXNativeTarget section */

/* Begin PBXProject section */
		55FFD85B275914D9003654AA /* Project object */ = {
			isa = PBXProject;
			attributes = {
				BuildIndependentTargetsInParallel = 1;
				LastSwiftUpdateCheck = 1400;
				LastUpgradeCheck = 1310;
				TargetAttributes = {
					556D991C28F9D48F0048C73C = {
						CreatedOnToolsVersion = 14.0;
						TestTargetID = 55FFD862275914D9003654AA;
					};
					55FFD862275914D9003654AA = {
						CreatedOnToolsVersion = 13.1;
					};
				};
			};
			buildConfigurationList = 55FFD85E275914D9003654AA /* Build configuration list for PBXProject "On The Map" */;
			compatibilityVersion = "Xcode 13.0";
			developmentRegion = en;
			hasScannedForEncodings = 0;
			knownRegions = (
				en,
				Base,
			);
			mainGroup = 55FFD85A275914D9003654AA;
			packageReferences = (
				55B9253728F633AA003765B7 /* XCRemoteSwiftPackageReference "SnapKit" */,
			);
			productRefGroup = 55FFD864275914D9003654AA /* Products */;
			projectDirPath = "";
			projectRoot = "";
			targets = (
				55FFD862275914D9003654AA /* On The Map */,
				556D991C28F9D48F0048C73C /* On The Map Tests */,
			);
		};
/* End PBXProject section */

/* Begin PBXResourcesBuildPhase section */
		556D991B28F9D48F0048C73C /* Resources */ = {
			isa = PBXResourcesBuildPhase;
			buildActionMask = 2147483647;
			files = (
			);
			runOnlyForDeploymentPostprocessing = 0;
		};
		55FFD861275914D9003654AA /* Resources */ = {
			isa = PBXResourcesBuildPhase;
			buildActionMask = 2147483647;
			files = (
				55FFD873275914DB003654AA /* LaunchScreen.storyboard in Resources */,
				55FFD870275914DB003654AA /* Assets.xcassets in Resources */,
			);
			runOnlyForDeploymentPostprocessing = 0;
		};
/* End PBXResourcesBuildPhase section */

/* Begin PBXSourcesBuildPhase section */
		556D991928F9D48F0048C73C /* Sources */ = {
			isa = PBXSourcesBuildPhase;
			buildActionMask = 2147483647;
			files = (
				556D992028F9D48F0048C73C /* LoginCoordinatorTests.swift in Sources */,
				552C94262900195A00AAA4E0 /* TabBarInteractorTests.swift in Sources */,
				556D994428FD69060048C73C /* ClientTests.swift in Sources */,
				556D993028FA3D2F0048C73C /* LoginPresenterTests.swift in Sources */,
				552C9428290064C500AAA4E0 /* TabBarPresenterTests.swift in Sources */,
				556D993F28FCB48A0048C73C /* NetworkStub.swift in Sources */,
				556D994E28FDE2280048C73C /* LoginInteractorTests.swift in Sources */,
				556D992728F9D6350048C73C /* ViewControllerSpy.swift in Sources */,
			);
			runOnlyForDeploymentPostprocessing = 0;
		};
		55FFD85F275914D9003654AA /* Sources */ = {
			isa = PBXSourcesBuildPhase;
			buildActionMask = 2147483647;
			files = (
				55FB595028F878B500ADA6A4 /* PostLocationViewControllerFactory.swift in Sources */,
				556D991428F9A1560048C73C /* StartCoordinator.swift in Sources */,
				556D993D28FCAD880048C73C /* Location.swift in Sources */,
				55FB595728F88B1700ADA6A4 /* PostLocationPresenter.swift in Sources */,
				55FB594128F843DF00ADA6A4 /* TabBarInteractor.swift in Sources */,
				55FFD87D27591650003654AA /* User.swift in Sources */,
				55B9254028F723BA003765B7 /* LoginInteractor.swift in Sources */,
				55B9254A28F7713D003765B7 /* AlertViewProtocol.swift in Sources */,
				55FFD86B275914DA003654AA /* LoginViewController.swift in Sources */,
				556D993828FACF230048C73C /* APIProtocols.swift in Sources */,
				55FB594328F843F000ADA6A4 /* TabBarPresenter.swift in Sources */,
				556D994228FCB7F00048C73C /* ApiError.swift in Sources */,
				55FB593F28F8395E00ADA6A4 /* TabBarViewController.swift in Sources */,
				55FB594528F843F800ADA6A4 /* TabBarCoordinator.swift in Sources */,
				55B9254228F723C1003765B7 /* LoginPresenter.swift in Sources */,
				55FB593D28F838AD00ADA6A4 /* TabBarControllerFactory.swift in Sources */,
				55FB595528F88A0A00ADA6A4 /* PostLocationCoordinator.swift in Sources */,
				55B9253D28F64F59003765B7 /* TableViewCell.swift in Sources */,
				55FFD89127593FAA003654AA /* TableViewController.swift in Sources */,
				55FFD89F275977F4003654AA /* PostLocationViewController.swift in Sources */,
				55FFD89B27595012003654AA /* UserInfo.swift in Sources */,
				55FB594E28F8518B00ADA6A4 /* AddLocationCoordinator.swift in Sources */,
				55FB593728F81F7300ADA6A4 /* LoadingView.swift in Sources */,
				55B9254428F723CB003765B7 /* LoginCoordinator.swift in Sources */,
				556D993628FACF1C0048C73C /* APIService.swift in Sources */,
				55FB595928F88B1E00ADA6A4 /* PostLocationInteractor.swift in Sources */,
				55FB594C28F8518600ADA6A4 /* AddLocationPresenter.swift in Sources */,
				55FFD89D275958EF003654AA /* AddLocationViewController.swift in Sources */,
				55FFD8A227598544003654AA /* PostResponse.swift in Sources */,
				55FB594A28F8518100ADA6A4 /* AddLocationInteractor.swift in Sources */,
				55B9254E28F77BF5003765B7 /* LoginViewControllerFactory.swift in Sources */,
				55FB594728F8515B00ADA6A4 /* AddLocationViewControllerFactory.swift in Sources */,
				55FFD89427594274003654AA /* Student.swift in Sources */,
				55B9254C28F771D2003765B7 /* LoadingViewProtocol.swift in Sources */,
				55FFD896275942F6003654AA /* StudentResult.swift in Sources */,
				55FFD867275914D9003654AA /* AppDelegate.swift in Sources */,
				55B9253428F62B8F003765B7 /* PostLocation.swift in Sources */,
				55FFD869275914DA003654AA /* SceneDelegate.swift in Sources */,
				55B9253628F62EFB003765B7 /* UserLogin.swift in Sources */,
				55FFD87F2759166E003654AA /* LoginResponse.swift in Sources */,
				55FFD88F27593F9D003654AA /* MapViewController.swift in Sources */,
			);
			runOnlyForDeploymentPostprocessing = 0;
		};
/* End PBXSourcesBuildPhase section */

/* Begin PBXTargetDependency section */
		556D992228F9D48F0048C73C /* PBXTargetDependency */ = {
			isa = PBXTargetDependency;
			target = 55FFD862275914D9003654AA /* On The Map */;
			targetProxy = 556D992128F9D48F0048C73C /* PBXContainerItemProxy */;
		};
/* End PBXTargetDependency section */

/* Begin PBXVariantGroup section */
		55FFD871275914DB003654AA /* LaunchScreen.storyboard */ = {
			isa = PBXVariantGroup;
			children = (
				55FFD872275914DB003654AA /* Base */,
			);
			name = LaunchScreen.storyboard;
			sourceTree = "<group>";
		};
/* End PBXVariantGroup section */

/* Begin XCBuildConfiguration section */
		556D992328F9D48F0048C73C /* Debug */ = {
			isa = XCBuildConfiguration;
			buildSettings = {
				BUNDLE_LOADER = "$(TEST_HOST)";
				CLANG_CXX_LANGUAGE_STANDARD = "gnu++20";
				CODE_SIGN_STYLE = Automatic;
				CURRENT_PROJECT_VERSION = 1;
				DEVELOPMENT_TEAM = C8ULV38G2Z;
				GENERATE_INFOPLIST_FILE = YES;
				IPHONEOS_DEPLOYMENT_TARGET = 16.0;
				MARKETING_VERSION = 1.0;
				PRODUCT_BUNDLE_IDENTIFIER = "com.fernando.On-The-Map-Tests";
				PRODUCT_NAME = "$(TARGET_NAME)";
				SWIFT_EMIT_LOC_STRINGS = NO;
				SWIFT_VERSION = 5.0;
				TARGETED_DEVICE_FAMILY = "1,2";
				TEST_HOST = "$(BUILT_PRODUCTS_DIR)/On The Map.app/$(BUNDLE_EXECUTABLE_FOLDER_PATH)/On The Map";
			};
			name = Debug;
		};
		556D992428F9D48F0048C73C /* Release */ = {
			isa = XCBuildConfiguration;
			buildSettings = {
				BUNDLE_LOADER = "$(TEST_HOST)";
				CLANG_CXX_LANGUAGE_STANDARD = "gnu++20";
				CODE_SIGN_STYLE = Automatic;
				CURRENT_PROJECT_VERSION = 1;
				DEVELOPMENT_TEAM = C8ULV38G2Z;
				GENERATE_INFOPLIST_FILE = YES;
				IPHONEOS_DEPLOYMENT_TARGET = 16.0;
				MARKETING_VERSION = 1.0;
				PRODUCT_BUNDLE_IDENTIFIER = "com.fernando.On-The-Map-Tests";
				PRODUCT_NAME = "$(TARGET_NAME)";
				SWIFT_EMIT_LOC_STRINGS = NO;
				SWIFT_VERSION = 5.0;
				TARGETED_DEVICE_FAMILY = "1,2";
				TEST_HOST = "$(BUILT_PRODUCTS_DIR)/On The Map.app/$(BUNDLE_EXECUTABLE_FOLDER_PATH)/On The Map";
			};
			name = Release;
		};
		55FFD875275914DC003654AA /* Debug */ = {
			isa = XCBuildConfiguration;
			buildSettings = {
				ALWAYS_SEARCH_USER_PATHS = NO;
				CLANG_ANALYZER_NONNULL = YES;
				CLANG_ANALYZER_NUMBER_OBJECT_CONVERSION = YES_AGGRESSIVE;
				CLANG_CXX_LANGUAGE_STANDARD = "gnu++17";
				CLANG_CXX_LIBRARY = "libc++";
				CLANG_ENABLE_MODULES = YES;
				CLANG_ENABLE_OBJC_ARC = YES;
				CLANG_ENABLE_OBJC_WEAK = YES;
				CLANG_WARN_BLOCK_CAPTURE_AUTORELEASING = YES;
				CLANG_WARN_BOOL_CONVERSION = YES;
				CLANG_WARN_COMMA = YES;
				CLANG_WARN_CONSTANT_CONVERSION = YES;
				CLANG_WARN_DEPRECATED_OBJC_IMPLEMENTATIONS = YES;
				CLANG_WARN_DIRECT_OBJC_ISA_USAGE = YES_ERROR;
				CLANG_WARN_DOCUMENTATION_COMMENTS = YES;
				CLANG_WARN_EMPTY_BODY = YES;
				CLANG_WARN_ENUM_CONVERSION = YES;
				CLANG_WARN_INFINITE_RECURSION = YES;
				CLANG_WARN_INT_CONVERSION = YES;
				CLANG_WARN_NON_LITERAL_NULL_CONVERSION = YES;
				CLANG_WARN_OBJC_IMPLICIT_RETAIN_SELF = YES;
				CLANG_WARN_OBJC_LITERAL_CONVERSION = YES;
				CLANG_WARN_OBJC_ROOT_CLASS = YES_ERROR;
				CLANG_WARN_QUOTED_INCLUDE_IN_FRAMEWORK_HEADER = YES;
				CLANG_WARN_RANGE_LOOP_ANALYSIS = YES;
				CLANG_WARN_STRICT_PROTOTYPES = YES;
				CLANG_WARN_SUSPICIOUS_MOVE = YES;
				CLANG_WARN_UNGUARDED_AVAILABILITY = YES_AGGRESSIVE;
				CLANG_WARN_UNREACHABLE_CODE = YES;
				CLANG_WARN__DUPLICATE_METHOD_MATCH = YES;
				COPY_PHASE_STRIP = NO;
				DEBUG_INFORMATION_FORMAT = dwarf;
				ENABLE_STRICT_OBJC_MSGSEND = YES;
				ENABLE_TESTABILITY = YES;
				GCC_C_LANGUAGE_STANDARD = gnu11;
				GCC_DYNAMIC_NO_PIC = NO;
				GCC_NO_COMMON_BLOCKS = YES;
				GCC_OPTIMIZATION_LEVEL = 0;
				GCC_PREPROCESSOR_DEFINITIONS = (
					"DEBUG=1",
					"$(inherited)",
				);
				GCC_WARN_64_TO_32_BIT_CONVERSION = YES;
				GCC_WARN_ABOUT_RETURN_TYPE = YES_ERROR;
				GCC_WARN_UNDECLARED_SELECTOR = YES;
				GCC_WARN_UNINITIALIZED_AUTOS = YES_AGGRESSIVE;
				GCC_WARN_UNUSED_FUNCTION = YES;
				GCC_WARN_UNUSED_VARIABLE = YES;
				IPHONEOS_DEPLOYMENT_TARGET = 15.0;
				MTL_ENABLE_DEBUG_INFO = INCLUDE_SOURCE;
				MTL_FAST_MATH = YES;
				ONLY_ACTIVE_ARCH = YES;
				SDKROOT = iphoneos;
				SWIFT_ACTIVE_COMPILATION_CONDITIONS = DEBUG;
				SWIFT_OPTIMIZATION_LEVEL = "-Onone";
			};
			name = Debug;
		};
		55FFD876275914DC003654AA /* Release */ = {
			isa = XCBuildConfiguration;
			buildSettings = {
				ALWAYS_SEARCH_USER_PATHS = NO;
				CLANG_ANALYZER_NONNULL = YES;
				CLANG_ANALYZER_NUMBER_OBJECT_CONVERSION = YES_AGGRESSIVE;
				CLANG_CXX_LANGUAGE_STANDARD = "gnu++17";
				CLANG_CXX_LIBRARY = "libc++";
				CLANG_ENABLE_MODULES = YES;
				CLANG_ENABLE_OBJC_ARC = YES;
				CLANG_ENABLE_OBJC_WEAK = YES;
				CLANG_WARN_BLOCK_CAPTURE_AUTORELEASING = YES;
				CLANG_WARN_BOOL_CONVERSION = YES;
				CLANG_WARN_COMMA = YES;
				CLANG_WARN_CONSTANT_CONVERSION = YES;
				CLANG_WARN_DEPRECATED_OBJC_IMPLEMENTATIONS = YES;
				CLANG_WARN_DIRECT_OBJC_ISA_USAGE = YES_ERROR;
				CLANG_WARN_DOCUMENTATION_COMMENTS = YES;
				CLANG_WARN_EMPTY_BODY = YES;
				CLANG_WARN_ENUM_CONVERSION = YES;
				CLANG_WARN_INFINITE_RECURSION = YES;
				CLANG_WARN_INT_CONVERSION = YES;
				CLANG_WARN_NON_LITERAL_NULL_CONVERSION = YES;
				CLANG_WARN_OBJC_IMPLICIT_RETAIN_SELF = YES;
				CLANG_WARN_OBJC_LITERAL_CONVERSION = YES;
				CLANG_WARN_OBJC_ROOT_CLASS = YES_ERROR;
				CLANG_WARN_QUOTED_INCLUDE_IN_FRAMEWORK_HEADER = YES;
				CLANG_WARN_RANGE_LOOP_ANALYSIS = YES;
				CLANG_WARN_STRICT_PROTOTYPES = YES;
				CLANG_WARN_SUSPICIOUS_MOVE = YES;
				CLANG_WARN_UNGUARDED_AVAILABILITY = YES_AGGRESSIVE;
				CLANG_WARN_UNREACHABLE_CODE = YES;
				CLANG_WARN__DUPLICATE_METHOD_MATCH = YES;
				COPY_PHASE_STRIP = NO;
				DEBUG_INFORMATION_FORMAT = "dwarf-with-dsym";
				ENABLE_NS_ASSERTIONS = NO;
				ENABLE_STRICT_OBJC_MSGSEND = YES;
				GCC_C_LANGUAGE_STANDARD = gnu11;
				GCC_NO_COMMON_BLOCKS = YES;
				GCC_WARN_64_TO_32_BIT_CONVERSION = YES;
				GCC_WARN_ABOUT_RETURN_TYPE = YES_ERROR;
				GCC_WARN_UNDECLARED_SELECTOR = YES;
				GCC_WARN_UNINITIALIZED_AUTOS = YES_AGGRESSIVE;
				GCC_WARN_UNUSED_FUNCTION = YES;
				GCC_WARN_UNUSED_VARIABLE = YES;
				IPHONEOS_DEPLOYMENT_TARGET = 15.0;
				MTL_ENABLE_DEBUG_INFO = NO;
				MTL_FAST_MATH = YES;
				SDKROOT = iphoneos;
				SWIFT_COMPILATION_MODE = wholemodule;
				SWIFT_OPTIMIZATION_LEVEL = "-O";
				VALIDATE_PRODUCT = YES;
			};
			name = Release;
		};
		55FFD878275914DC003654AA /* Debug */ = {
			isa = XCBuildConfiguration;
			buildSettings = {
				ASSETCATALOG_COMPILER_APPICON_NAME = AppIcon;
				ASSETCATALOG_COMPILER_GLOBAL_ACCENT_COLOR_NAME = AccentColor;
				CODE_SIGN_STYLE = Automatic;
				CURRENT_PROJECT_VERSION = 1;
				DEVELOPMENT_TEAM = C8ULV38G2Z;
				GENERATE_INFOPLIST_FILE = YES;
				INFOPLIST_FILE = "On The Map/Info.plist";
				INFOPLIST_KEY_UIApplicationSupportsIndirectInputEvents = YES;
				INFOPLIST_KEY_UILaunchStoryboardName = LaunchScreen;
				INFOPLIST_KEY_UIMainStoryboardFile = "";
				INFOPLIST_KEY_UISupportedInterfaceOrientations = UIInterfaceOrientationPortrait;
				INFOPLIST_KEY_UISupportedInterfaceOrientations_iPad = "UIInterfaceOrientationLandscapeLeft UIInterfaceOrientationLandscapeRight UIInterfaceOrientationPortrait UIInterfaceOrientationPortraitUpsideDown";
				LD_RUNPATH_SEARCH_PATHS = (
					"$(inherited)",
					"@executable_path/Frameworks",
				);
				MARKETING_VERSION = 1.0;
				PRODUCT_BUNDLE_IDENTIFIER = "com.fernando.On-The-Map";
				PRODUCT_NAME = "$(TARGET_NAME)";
				SWIFT_EMIT_LOC_STRINGS = YES;
				SWIFT_VERSION = 5.0;
				TARGETED_DEVICE_FAMILY = "1,2";
			};
			name = Debug;
		};
		55FFD879275914DC003654AA /* Release */ = {
			isa = XCBuildConfiguration;
			buildSettings = {
				ASSETCATALOG_COMPILER_APPICON_NAME = AppIcon;
				ASSETCATALOG_COMPILER_GLOBAL_ACCENT_COLOR_NAME = AccentColor;
				CODE_SIGN_STYLE = Automatic;
				CURRENT_PROJECT_VERSION = 1;
				DEVELOPMENT_TEAM = C8ULV38G2Z;
				GENERATE_INFOPLIST_FILE = YES;
				INFOPLIST_FILE = "On The Map/Info.plist";
				INFOPLIST_KEY_UIApplicationSupportsIndirectInputEvents = YES;
				INFOPLIST_KEY_UILaunchStoryboardName = LaunchScreen;
				INFOPLIST_KEY_UIMainStoryboardFile = "";
				INFOPLIST_KEY_UISupportedInterfaceOrientations = UIInterfaceOrientationPortrait;
				INFOPLIST_KEY_UISupportedInterfaceOrientations_iPad = "UIInterfaceOrientationLandscapeLeft UIInterfaceOrientationLandscapeRight UIInterfaceOrientationPortrait UIInterfaceOrientationPortraitUpsideDown";
				LD_RUNPATH_SEARCH_PATHS = (
					"$(inherited)",
					"@executable_path/Frameworks",
				);
				MARKETING_VERSION = 1.0;
				PRODUCT_BUNDLE_IDENTIFIER = "com.fernando.On-The-Map";
				PRODUCT_NAME = "$(TARGET_NAME)";
				SWIFT_EMIT_LOC_STRINGS = YES;
				SWIFT_VERSION = 5.0;
				TARGETED_DEVICE_FAMILY = "1,2";
			};
			name = Release;
		};
/* End XCBuildConfiguration section */

/* Begin XCConfigurationList section */
		556D992528F9D48F0048C73C /* Build configuration list for PBXNativeTarget "On The Map Tests" */ = {
			isa = XCConfigurationList;
			buildConfigurations = (
				556D992328F9D48F0048C73C /* Debug */,
				556D992428F9D48F0048C73C /* Release */,
			);
			defaultConfigurationIsVisible = 0;
			defaultConfigurationName = Release;
		};
		55FFD85E275914D9003654AA /* Build configuration list for PBXProject "On The Map" */ = {
			isa = XCConfigurationList;
			buildConfigurations = (
				55FFD875275914DC003654AA /* Debug */,
				55FFD876275914DC003654AA /* Release */,
			);
			defaultConfigurationIsVisible = 0;
			defaultConfigurationName = Release;
		};
		55FFD877275914DC003654AA /* Build configuration list for PBXNativeTarget "On The Map" */ = {
			isa = XCConfigurationList;
			buildConfigurations = (
				55FFD878275914DC003654AA /* Debug */,
				55FFD879275914DC003654AA /* Release */,
			);
			defaultConfigurationIsVisible = 0;
			defaultConfigurationName = Release;
		};
/* End XCConfigurationList section */

/* Begin XCRemoteSwiftPackageReference section */
		55B9253728F633AA003765B7 /* XCRemoteSwiftPackageReference "SnapKit" */ = {
			isa = XCRemoteSwiftPackageReference;
			repositoryURL = "https://github.com/SnapKit/SnapKit.git";
			requirement = {
				kind = upToNextMajorVersion;
				minimumVersion = 5.0.0;
			};
		};
/* End XCRemoteSwiftPackageReference section */

/* Begin XCSwiftPackageProductDependency section */
		55B9253828F633AA003765B7 /* SnapKit */ = {
			isa = XCSwiftPackageProductDependency;
			package = 55B9253728F633AA003765B7 /* XCRemoteSwiftPackageReference "SnapKit" */;
			productName = SnapKit;
		};
/* End XCSwiftPackageProductDependency section */
	};
	rootObject = 55FFD85B275914D9003654AA /* Project object */;
}
